
Microsoft Visual Studio Solution File, Format Version 11.00
# Visual Studio 2010
Project("{FAE04EC0-301F-11D3-BF4B-00C04F79EFBC}") = "Owin.Common", "src\Common\Owin.Common.csproj", "{163A0E93-A512-4B2F-AF1A-301804749EDE}"
EndProject
Project("{FAE04EC0-301F-11D3-BF4B-00C04F79EFBC}") = "Owin.Common.Specs", "spec\Common\Owin.Common.Specs.csproj", "{C7A47AA6-06A9-40F5-9D0B-E82CF75ED28F}"
EndProject
Project("{FAE04EC0-301F-11D3-BF4B-00C04F79EFBC}") = "Owin.Handlers.Kayak", "src\Handlers\Kayak\Owin.Handlers.Kayak.csproj", "{A9655B65-88EB-435E-AA21-2F38879F2A75}"
EndProject
Project("{FAE04EC0-301F-11D3-BF4B-00C04F79EFBC}") = "Owin.Handlers.Cgi", "src\Handlers\Cgi\Owin.Handlers.Cgi.csproj", "{07E85934-3766-4235-A0C9-9B94CD3857D1}"
EndProject
Project("{FAE04EC0-301F-11D3-BF4B-00C04F79EFBC}") = "Owin.Handlers.Cgi.Specs", "spec\Handlers\Cgi\Owin.Handlers.Cgi.Specs.csproj", "{511536C9-BCB6-49E2-8855-F23A5CF4A34F}"
EndProject
Project("{FAE04EC0-301F-11D3-BF4B-00C04F79EFBC}") = "Owin.Handlers.AspNet", "src\Handlers\AspNet\Owin.Handlers.AspNet.csproj", "{8EF793AF-AD17-49D3-8884-A8AFEC75641D}"
EndProject
Project("{FAE04EC0-301F-11D3-BF4B-00C04F79EFBC}") = "Owin.Handlers.AspNet.Specs", "spec\Handlers\AspNet\Owin.Handlers.AspNet.Specs.csproj", "{F5EE0303-5943-48ED-A61E-3274D8A21214}"
EndProject
Global
	GlobalSection(SolutionConfigurationPlatforms) = preSolution
		Debug|Any CPU = Debug|Any CPU
		Release|Any CPU = Release|Any CPU
	EndGlobalSection
	GlobalSection(ProjectConfigurationPlatforms) = postSolution
		{163A0E93-A512-4B2F-AF1A-301804749EDE}.Debug|Any CPU.ActiveCfg = Debug|Any CPU
		{163A0E93-A512-4B2F-AF1A-301804749EDE}.Debug|Any CPU.Build.0 = Debug|Any CPU
		{163A0E93-A512-4B2F-AF1A-301804749EDE}.Release|Any CPU.ActiveCfg = Release|Any CPU
		{163A0E93-A512-4B2F-AF1A-301804749EDE}.Release|Any CPU.Build.0 = Release|Any CPU
		{C7A47AA6-06A9-40F5-9D0B-E82CF75ED28F}.Debug|Any CPU.ActiveCfg = Debug|Any CPU
		{C7A47AA6-06A9-40F5-9D0B-E82CF75ED28F}.Debug|Any CPU.Build.0 = Debug|Any CPU
		{C7A47AA6-06A9-40F5-9D0B-E82CF75ED28F}.Release|Any CPU.ActiveCfg = Release|Any CPU
		{C7A47AA6-06A9-40F5-9D0B-E82CF75ED28F}.Release|Any CPU.Build.0 = Release|Any CPU
		{A9655B65-88EB-435E-AA21-2F38879F2A75}.Debug|Any CPU.ActiveCfg = Debug|Any CPU
		{A9655B65-88EB-435E-AA21-2F38879F2A75}.Debug|Any CPU.Build.0 = Debug|Any CPU
		{A9655B65-88EB-435E-AA21-2F38879F2A75}.Release|Any CPU.ActiveCfg = Release|Any CPU
		{A9655B65-88EB-435E-AA21-2F38879F2A75}.Release|Any CPU.Build.0 = Release|Any CPU
		{07E85934-3766-4235-A0C9-9B94CD3857D1}.Debug|Any CPU.ActiveCfg = Debug|Any CPU
		{07E85934-3766-4235-A0C9-9B94CD3857D1}.Debug|Any CPU.Build.0 = Debug|Any CPU
		{07E85934-3766-4235-A0C9-9B94CD3857D1}.Release|Any CPU.ActiveCfg = Release|Any CPU
		{07E85934-3766-4235-A0C9-9B94CD3857D1}.Release|Any CPU.Build.0 = Release|Any CPU
		{511536C9-BCB6-49E2-8855-F23A5CF4A34F}.Debug|Any CPU.ActiveCfg = Debug|Any CPU
		{511536C9-BCB6-49E2-8855-F23A5CF4A34F}.Debug|Any CPU.Build.0 = Debug|Any CPU
		{511536C9-BCB6-49E2-8855-F23A5CF4A34F}.Release|Any CPU.ActiveCfg = Release|Any CPU
		{511536C9-BCB6-49E2-8855-F23A5CF4A34F}.Release|Any CPU.Build.0 = Release|Any CPU
		{8EF793AF-AD17-49D3-8884-A8AFEC75641D}.Debug|Any CPU.ActiveCfg = Debug|Any CPU
		{8EF793AF-AD17-49D3-8884-A8AFEC75641D}.Debug|Any CPU.Build.0 = Debug|Any CPU
		{8EF793AF-AD17-49D3-8884-A8AFEC75641D}.Release|Any CPU.ActiveCfg = Release|Any CPU
		{8EF793AF-AD17-49D3-8884-A8AFEC75641D}.Release|Any CPU.Build.0 = Release|Any CPU
		{F5EE0303-5943-48ED-A61E-3274D8A21214}.Debug|Any CPU.ActiveCfg = Debug|Any CPU
		{F5EE0303-5943-48ED-A61E-3274D8A21214}.Debug|Any CPU.Build.0 = Debug|Any CPU
		{F5EE0303-5943-48ED-A61E-3274D8A21214}.Release|Any CPU.ActiveCfg = Release|Any CPU
		{F5EE0303-5943-48ED-A61E-3274D8A21214}.Release|Any CPU.Build.0 = Release|Any CPU
	EndGlobalSection
	GlobalSection(SolutionProperties) = preSolution
		HideSolutionNode = FALSE
	EndGlobalSection
EndGlobal
